
Microsoft Visual Studio Solution File, Format Version 12.00
# Visual Studio 15
Project("{FAE04EC0-301F-11D3-BF4B-00C04F79EFBC}") = "Unity.Timeline", "Unity.Timeline.csproj", "{FF361AB4-26A2-D572-6B64-B0445A9B22FA}"
EndProject
Project("{FAE04EC0-301F-11D3-BF4B-00C04F79EFBC}") = "Unity.RenderPipelines.GPUDriven.Runtime", "Unity.RenderPipelines.GPUDriven.Runtime.csproj", "{A1A7F6EB-258E-1F61-4EFF-0A657228F816}"
EndProject
Project("{FAE04EC0-301F-11D3-BF4B-00C04F79EFBC}") = "Unity.PlasticSCM.Editor", "Unity.PlasticSCM.Editor.csproj", "{7F5904A3-914E-F560-1FC0-9636958CCB4E}"
EndProject
Project("{FAE04EC0-301F-11D3-BF4B-00C04F79EFBC}") = "Unity.ShaderGraph.Editor", "Unity.ShaderGraph.Editor.csproj", "{5178E640-A5EE-07A2-5FC4-3788B04825CD}"
EndProject
Project("{FAE04EC0-301F-11D3-BF4B-00C04F79EFBC}") = "Unity.RenderPipelines.Core.Runtime", "Unity.RenderPipelines.Core.Runtime.csproj", "{3CA518FF-25E0-2E1B-049D-DAF369CE6A7A}"
EndProject
Project("{FAE04EC0-301F-11D3-BF4B-00C04F79EFBC}") = "Unity.Mathematics", "Unity.Mathematics.csproj", "{6EFEFEE3-5F19-7BE3-1744-7FD852118745}"
EndProject
Project("{FAE04EC0-301F-11D3-BF4B-00C04F79EFBC}") = "Unity.Timeline.Editor", "Unity.Timeline.Editor.csproj", "{E33C9A71-EEC7-2C98-3D9A-53C12F89DEB2}"
EndProject
Project("{FAE04EC0-301F-11D3-BF4B-00C04F79EFBC}") = "Unity.Multiplayer.Center.Editor", "Unity.Multiplayer.Center.Editor.csproj", "{B54C3493-94E7-E217-264D-DA6E3206FB95}"
EndProject
Project("{FAE04EC0-301F-11D3-BF4B-00C04F79EFBC}") = "Unity.RenderPipelines.Core.Editor", "Unity.RenderPipelines.Core.Editor.csproj", "{443F4102-42E0-B0D6-F768-08BCDB290CB3}"
EndProject
Project("{FAE04EC0-301F-11D3-BF4B-00C04F79EFBC}") = "Unity.Collections", "Unity.Collections.csproj", "{10EA7BF9-F6D3-453C-7E46-0BD04BB3D665}"
EndProject
Project("{FAE04EC0-301F-11D3-BF4B-00C04F79EFBC}") = "UnityEngine.UI", "UnityEngine.UI.csproj", "{1CBD4038-9E36-3C6A-A4E2-11EFD020BA9A}"
EndProject
Project("{FAE04EC0-301F-11D3-BF4B-00C04F79EFBC}") = "Unity.RenderPipelines.Universal.2D.Runtime", "Unity.RenderPipelines.Universal.2D.Runtime.csproj", "{972F534B-742B-A77E-68ED-64EA05D254E5}"
EndProject
Project("{FAE04EC0-301F-11D3-BF4B-00C04F79EFBC}") = "Unity.VisualScripting.Core.Editor", "Unity.VisualScripting.Core.Editor.csproj", "{12EDF890-9718-B6F3-4D2D-E42B9AAA5C1A}"
EndProject
Project("{FAE04EC0-301F-11D3-BF4B-00C04F79EFBC}") = "Unity.RenderPipelines.Universal.Editor", "Unity.RenderPipelines.Universal.Editor.csproj", "{0E7EBC2B-8A56-3639-68B6-3E08EB2014D1}"
EndProject
Project("{FAE04EC0-301F-11D3-BF4B-00C04F79EFBC}") = "Unity.PerformanceTesting.Editor", "Unity.PerformanceTesting.Editor.csproj", "{483D8951-3951-5E75-5D7B-19CFFC3C787B}"
EndProject
Project("{FAE04EC0-301F-11D3-BF4B-00C04F79EFBC}") = "UnityEngine.TestRunner", "UnityEngine.TestRunner.csproj", "{964813C6-3901-5DB0-7E8C-74899572B6E7}"
EndProject
Project("{FAE04EC0-301F-11D3-BF4B-00C04F79EFBC}") = "Unity.Burst", "Unity.Burst.csproj", "{A9A3D336-A6D5-F789-C68D-94F5BF5CEF81}"
EndProject
Project("{FAE04EC0-301F-11D3-BF4B-00C04F79EFBC}") = "Unity.VisualScripting.Flow.Editor", "Unity.VisualScripting.Flow.Editor.csproj", "{158F75DE-2BF4-2BA9-3663-385C70E9DB76}"
EndProject
Project("{FAE04EC0-301F-11D3-BF4B-00C04F79EFBC}") = "Unity.VisualStudio.Editor", "Unity.VisualStudio.Editor.csproj", "{0EF0E86C-C7EB-85C8-7E31-B739C6B70D14}"
EndProject
Project("{FAE04EC0-301F-11D3-BF4B-00C04F79EFBC}") = "Unity.InputSystem", "Unity.InputSystem.csproj", "{41344B90-2C94-E6FB-1BFB-FD74A0D27687}"
EndProject
Project("{FAE04EC0-301F-11D3-BF4B-00C04F79EFBC}") = "PPv2URPConverters", "PPv2URPConverters.csproj", "{18BAF9CD-BB9C-E974-053A-E7CEC420CC2F}"
EndProject
Project("{FAE04EC0-301F-11D3-BF4B-00C04F79EFBC}") = "Unity.Searcher.Editor", "Unity.Searcher.Editor.csproj", "{3458CEDA-B1CD-7ED3-E897-C9B5A45A70DB}"
EndProject
Project("{FAE04EC0-301F-11D3-BF4B-00C04F79EFBC}") = "UnityEditor.TestRunner", "UnityEditor.TestRunner.csproj", "{902E4DBF-A5B3-66DF-A748-9D178A566ADC}"
EndProject
Project("{FAE04EC0-301F-11D3-BF4B-00C04F79EFBC}") = "Unity.VisualScripting.Core", "Unity.VisualScripting.Core.csproj", "{A73E920F-77F6-B0F3-7165-6F636619FFE9}"
EndProject
Project("{FAE04EC0-301F-11D3-BF4B-00C04F79EFBC}") = "Unity.RenderPipelines.Universal.Runtime", "Unity.RenderPipelines.Universal.Runtime.csproj", "{3D7D14AA-E0C1-F136-BC6D-61B9B6DB1F24}"
EndProject
Project("{FAE04EC0-301F-11D3-BF4B-00C04F79EFBC}") = "Unity.UnifiedRayTracing.Runtime", "Unity.UnifiedRayTracing.Runtime.csproj", "{F3277BCC-2D91-4423-272E-1F71EF5BD751}"
EndProject
Project("{FAE04EC0-301F-11D3-BF4B-00C04F79EFBC}") = "Unity.AI.Navigation.Editor.ConversionSystem", "Unity.AI.Navigation.Editor.ConversionSystem.csproj", "{5E9AD497-AA22-5389-E832-3186EE589CA0}"
EndProject
Project("{FAE04EC0-301F-11D3-BF4B-00C04F79EFBC}") = "Unity.VisualScripting.State.Editor", "Unity.VisualScripting.State.Editor.csproj", "{DA7F76E0-2C11-AA53-FEC4-EEAD807496F3}"
EndProject
Project("{FAE04EC0-301F-11D3-BF4B-00C04F79EFBC}") = "Unity.Burst.CodeGen", "Unity.Burst.CodeGen.csproj", "{001A7456-C164-58C5-7A9C-AC7B607608A3}"
EndProject
Project("{FAE04EC0-301F-11D3-BF4B-00C04F79EFBC}") = "Unity.VisualScripting.Flow", "Unity.VisualScripting.Flow.csproj", "{06F1AB11-4EC2-F8BB-D9D2-47333C4EB2CE}"
EndProject
Project("{FAE04EC0-301F-11D3-BF4B-00C04F79EFBC}") = "Unity.PerformanceTesting", "Unity.PerformanceTesting.csproj", "{67104D92-187E-70FE-7E47-6D372489FE48}"
EndProject
Project("{FAE04EC0-301F-11D3-BF4B-00C04F79EFBC}") = "Unity.TextMeshPro", "Unity.TextMeshPro.csproj", "{D936AAF7-7222-69D3-6FA2-28613749CEE2}"
EndProject
Project("{FAE04EC0-301F-11D3-BF4B-00C04F79EFBC}") = "Assembly-CSharp", "Assembly-CSharp.csproj", "{50414730-693E-8886-24F8-C3440ADA3462}"
EndProject
Project("{FAE04EC0-301F-11D3-BF4B-00C04F79EFBC}") = "Unity.TextMeshPro.Editor", "Unity.TextMeshPro.Editor.csproj", "{F47D760C-A9F5-CC9B-1B15-F163BA2E4808}"
EndProject
Project("{FAE04EC0-301F-11D3-BF4B-00C04F79EFBC}") = "Unity.Burst.Editor", "Unity.Burst.Editor.csproj", "{A291F0C4-6319-D585-931B-ED32C9AB0FC0}"
EndProject
Project("{FAE04EC0-301F-11D3-BF4B-00C04F79EFBC}") = "Unity.Rider.Editor", "Unity.Rider.Editor.csproj", "{4F1295B3-AF5C-6F60-6FE0-F9301246568A}"
EndProject
Project("{FAE04EC0-301F-11D3-BF4B-00C04F79EFBC}") = "Unity.VisualScripting.State", "Unity.VisualScripting.State.csproj", "{69628D60-1EF1-28E0-668A-F40CCDF693D2}"
EndProject
Project("{FAE04EC0-301F-11D3-BF4B-00C04F79EFBC}") = "Unity.AI.Navigation.Updater", "Unity.AI.Navigation.Updater.csproj", "{F21BA0F8-289F-CAC6-6B1A-8022AEAF1C05}"
EndProject
Project("{FAE04EC0-301F-11D3-BF4B-00C04F79EFBC}") = "UnityEditor.UI", "UnityEditor.UI.csproj", "{2A29AB6B-A866-0D71-2AC4-7D13834C8FC8}"
EndProject
Project("{FAE04EC0-301F-11D3-BF4B-00C04F79EFBC}") = "Unity.RenderPipelines.Universal.2D.Editor.Overrides", "Unity.RenderPipelines.Universal.2D.Editor.Overrides.csproj", "{CAAB7967-8707-140E-3E64-DF57982DF202}"
EndProject
Project("{FAE04EC0-301F-11D3-BF4B-00C04F79EFBC}") = "Unity.2D.Sprite.Editor", "Unity.2D.Sprite.Editor.csproj", "{09D9BD74-A530-4616-3215-2D32B9AD89A1}"
EndProject
Project("{FAE04EC0-301F-11D3-BF4B-00C04F79EFBC}") = "Unity.AI.Navigation.Editor", "Unity.AI.Navigation.Editor.csproj", "{9D46C0EF-66A9-CF14-9D1E-576CE7A4A9EF}"
EndProject
Project("{FAE04EC0-301F-11D3-BF4B-00C04F79EFBC}") = "Unity.Multiplayer.Center.Common", "Unity.Multiplayer.Center.Common.csproj", "{806AB54F-CF34-A2D8-8C49-961D5F0FB4F7}"
EndProject
Project("{FAE04EC0-301F-11D3-BF4B-00C04F79EFBC}") = "Unity.InputSystem.ForUI", "Unity.InputSystem.ForUI.csproj", "{6E623FCB-3E00-6D55-7640-596510E38FBB}"
EndProject
Project("{FAE04EC0-301F-11D3-BF4B-00C04F79EFBC}") = "Unity.AI.Navigation", "Unity.AI.Navigation.csproj", "{12545156-0FEF-8409-1075-31CCFD992D2F}"
EndProject
Project("{FAE04EC0-301F-11D3-BF4B-00C04F79EFBC}") = "Unity.Collections.CodeGen", "Unity.Collections.CodeGen.csproj", "{3AEBB432-F2C7-BA82-9B56-37A6B4C9B66B}"
EndProject
Project("{FAE04EC0-301F-11D3-BF4B-00C04F79EFBC}") = "Unity.Mathematics.Editor", "Unity.Mathematics.Editor.csproj", "{41DEF11F-C270-0F29-CC68-C8E5C23CE879}"
EndProject
Project("{FAE04EC0-301F-11D3-BF4B-00C04F79EFBC}") = "Unity.VisualScripting.SettingsProvider.Editor", "Unity.VisualScripting.SettingsProvider.Editor.csproj", "{4AD20373-F977-48A4-F21B-95FE6D5C5D4A}"
EndProject
Project("{FAE04EC0-301F-11D3-BF4B-00C04F79EFBC}") = "Assembly-CSharp-Editor", "Assembly-CSharp-Editor.csproj", "{B472D798-4FA8-78DB-F149-73340C42D2CE}"
EndProject
Project("{FAE04EC0-301F-11D3-BF4B-00C04F79EFBC}") = "Unity.InputSystem.TestFramework", "Unity.InputSystem.TestFramework.csproj", "{951F1877-F3FB-329D-F5EE-74B48A93A3DA}"
EndProject
Project("{FAE04EC0-301F-11D3-BF4B-00C04F79EFBC}") = "Unity.CollabProxy.Editor", "Unity.CollabProxy.Editor.csproj", "{69111E61-D5A2-0C7D-8046-EFC4DF8D089B}"
EndProject
Project("{FAE04EC0-301F-11D3-BF4B-00C04F79EFBC}") = "Unity.ShaderGraph.Utilities", "Unity.ShaderGraph.Utilities.csproj", "{C0265E80-C52D-DEE5-7761-373D9C453822}"
EndProject
Project("{FAE04EC0-301F-11D3-BF4B-00C04F79EFBC}") = "Unity.VisualScripting.Shared.Editor", "Unity.VisualScripting.Shared.Editor.csproj", "{1A7FB506-B553-4798-3240-A6A873154C9C}"
EndProject
Project("{FAE04EC0-301F-11D3-BF4B-00C04F79EFBC}") = "Unity.RenderPipeline.Universal.ShaderLibrary", "Unity.RenderPipeline.Universal.ShaderLibrary.csproj", "{15DBCDDB-BC0E-FF2E-F8E9-719B072299E5}"
EndProject
Project("{FAE04EC0-301F-11D3-BF4B-00C04F79EFBC}") = "Unity.InputSystem.DocCodeSamples", "Unity.InputSystem.DocCodeSamples.csproj", "{6922B74D-C2A2-1C71-2449-2548469A4C8A}"
EndProject
Project("{FAE04EC0-301F-11D3-BF4B-00C04F79EFBC}") = "Unity.RenderPipelines.Universal.Shaders", "Unity.RenderPipelines.Universal.Shaders.csproj", "{D7094838-0356-2D70-BC4B-ABD4B88E042A}"
EndProject
Project("{FAE04EC0-301F-11D3-BF4B-00C04F79EFBC}") = "Unity.RenderPipelines.Core.Runtime.Shared", "Unity.RenderPipelines.Core.Runtime.Shared.csproj", "{3B073EDF-1589-8F43-A319-88E72925A281}"
EndProject
Project("{FAE04EC0-301F-11D3-BF4B-00C04F79EFBC}") = "Unity.InternalAPIEngineBridge.004", "Unity.InternalAPIEngineBridge.004.csproj", "{C0C6890A-B106-E7D8-A28A-BEA4A3FDC262}"
EndProject
Project("{FAE04EC0-301F-11D3-BF4B-00C04F79EFBC}") = "Unity.2D.Sprite.AIIntegration.Editor", "Unity.2D.Sprite.AIIntegration.Editor.csproj", "{5CB268B9-0842-8D7C-6121-879AD7C82A5C}"
EndProject
Project("{FAE04EC0-301F-11D3-BF4B-00C04F79EFBC}") = "Unity.RenderPipelines.Core.Editor.Shared", "Unity.RenderPipelines.Core.Editor.Shared.csproj", "{98EC938A-0C55-FB82-F547-427D0F1C0619}"
EndProject
Project("{FAE04EC0-301F-11D3-BF4B-00C04F79EFBC}") = "Unity.VisualScripting.DocCodeExamples", "Unity.VisualScripting.DocCodeExamples.csproj", "{FCD3BA0F-3712-0844-D564-F359B2B1CA18}"
EndProject
Project("{FAE04EC0-301F-11D3-BF4B-00C04F79EFBC}") = "Unity.PlasticSCM.Editor.Entities", "Unity.PlasticSCM.Editor.Entities.csproj", "{6637E838-7AF8-90E1-EF59-206ACACE108A}"
EndProject
Project("{FAE04EC0-301F-11D3-BF4B-00C04F79EFBC}") = "Unity.Rendering.LightTransport.Editor", "Unity.Rendering.LightTransport.Editor.csproj", "{E723521E-DB7F-2450-94B6-EBAC86C80291}"
EndProject
Project("{FAE04EC0-301F-11D3-BF4B-00C04F79EFBC}") = "Unity.Collections.Editor", "Unity.Collections.Editor.csproj", "{C2A38EF5-1E3C-78FF-6B77-D3DA24BBEB0F}"
EndProject
Project("{FAE04EC0-301F-11D3-BF4B-00C04F79EFBC}") = "Unity.RenderPipelines.Universal.Config.Runtime", "Unity.RenderPipelines.Universal.Config.Runtime.csproj", "{91883284-D58F-FBFD-4866-F490ADC40811}"
EndProject
Project("{FAE04EC0-301F-11D3-BF4B-00C04F79EFBC}") = "Unity.RenderPipelines.ShaderGraph.ShaderGraphLibrary", "Unity.RenderPipelines.ShaderGraph.ShaderGraphLibrary.csproj", "{7972455B-67D5-A457-E732-A02741C3E7B4}"
EndProject
Project("{FAE04EC0-301F-11D3-BF4B-00C04F79EFBC}") = "Unity.RenderPipelines.Core.ShaderLibrary", "Unity.RenderPipelines.Core.ShaderLibrary.csproj", "{C67D3A4D-55F4-54BE-8861-F4F2DF4D81F6}"
EndProject
Project("{FAE04EC0-301F-11D3-BF4B-00C04F79EFBC}") = "Unity.Timeline", "Unity.Timeline.Player.csproj", "{B937ABA4-ABBC-5B23-726D-668851A0567E}"
EndProject
Project("{FAE04EC0-301F-11D3-BF4B-00C04F79EFBC}") = "Unity.RenderPipelines.GPUDriven.Runtime", "Unity.RenderPipelines.GPUDriven.Runtime.Player.csproj", "{55A9CA92-71B4-5842-EB11-80FACB59DCC5}"
EndProject
Project("{FAE04EC0-301F-11D3-BF4B-00C04F79EFBC}") = "Unity.RenderPipelines.Core.Runtime", "Unity.RenderPipelines.Core.Runtime.Player.csproj", "{DEEF5D29-76D8-E520-0E11-4DC3F8CB804F}"
EndProject
Project("{FAE04EC0-301F-11D3-BF4B-00C04F79EFBC}") = "Unity.Mathematics", "Unity.Mathematics.Player.csproj", "{B0CD5761-3D6A-D12A-4367-6FD88949670B}"
EndProject
Project("{FAE04EC0-301F-11D3-BF4B-00C04F79EFBC}") = "Unity.Collections", "Unity.Collections.Player.csproj", "{3ED1E0C0-2525-96EC-D811-877155AB468B}"
EndProject
Project("{FAE04EC0-301F-11D3-BF4B-00C04F79EFBC}") = "UnityEngine.UI", "UnityEngine.UI.Player.csproj", "{7B0FE40A-80F5-7DAF-5CD7-D41CF9B53092}"
EndProject
Project("{FAE04EC0-301F-11D3-BF4B-00C04F79EFBC}") = "Unity.RenderPipelines.Universal.2D.Runtime", "Unity.RenderPipelines.Universal.2D.Runtime.Player.csproj", "{6830C700-C36B-1709-95EC-9CEF88E5C027}"
EndProject
Project("{FAE04EC0-301F-11D3-BF4B-00C04F79EFBC}") = "UnityEngine.TestRunner", "UnityEngine.TestRunner.Player.csproj", "{7D42C840-B4A9-E5CE-1EB1-2BE281C8C1F5}"
EndProject
Project("{FAE04EC0-301F-11D3-BF4B-00C04F79EFBC}") = "Unity.Burst", "Unity.Burst.Player.csproj", "{6F443C14-3C65-335D-43F2-EFAA0F2F09F9}"
EndProject
Project("{FAE04EC0-301F-11D3-BF4B-00C04F79EFBC}") = "Unity.InputSystem", "Unity.InputSystem.Player.csproj", "{B902F95F-BF9B-9D8E-FE6A-502EFF336AE8}"
EndProject
Project("{FAE04EC0-301F-11D3-BF4B-00C04F79EFBC}") = "Unity.VisualScripting.Core", "Unity.VisualScripting.Core.Player.csproj", "{73D1B19B-5661-8C29-F400-A097CB3D6125}"
EndProject
Project("{FAE04EC0-301F-11D3-BF4B-00C04F79EFBC}") = "Unity.RenderPipelines.Universal.Runtime", "Unity.RenderPipelines.Universal.Runtime.Player.csproj", "{A27B451B-9F97-50FA-A85D-A092914A8056}"
EndProject
Project("{FAE04EC0-301F-11D3-BF4B-00C04F79EFBC}") = "Unity.UnifiedRayTracing.Runtime", "Unity.UnifiedRayTracing.Runtime.Player.csproj", "{C0DCCEDB-68FB-AB0B-5997-2E3A50E83754}"
EndProject
Project("{FAE04EC0-301F-11D3-BF4B-00C04F79EFBC}") = "Unity.VisualScripting.Flow", "Unity.VisualScripting.Flow.Player.csproj", "{C45C73DF-E076-3874-1135-E1D9747FFDED}"
EndProject
Project("{FAE04EC0-301F-11D3-BF4B-00C04F79EFBC}") = "Unity.PerformanceTesting", "Unity.PerformanceTesting.Player.csproj", "{670DA8CD-4906-956B-7CDD-F84B91F219C8}"
EndProject
Project("{FAE04EC0-301F-11D3-BF4B-00C04F79EFBC}") = "Unity.TextMeshPro", "Unity.TextMeshPro.Player.csproj", "{5F664239-CE33-DAC6-68FB-A8D3ACC5D4F9}"
EndProject
Project("{FAE04EC0-301F-11D3-BF4B-00C04F79EFBC}") = "Assembly-CSharp", "Assembly-CSharp.Player.csproj", "{A9553C5D-5201-D302-F611-C1880784AAC0}"
EndProject
Project("{FAE04EC0-301F-11D3-BF4B-00C04F79EFBC}") = "Unity.VisualScripting.State", "Unity.VisualScripting.State.Player.csproj", "{D489123B-D944-18DF-79F4-B7CC25F040BF}"
EndProject
Project("{FAE04EC0-301F-11D3-BF4B-00C04F79EFBC}") = "Unity.Multiplayer.Center.Common", "Unity.Multiplayer.Center.Common.Player.csproj", "{6B2B09B7-2D49-5A57-7265-C836FBFA219D}"
EndProject
Project("{FAE04EC0-301F-11D3-BF4B-00C04F79EFBC}") = "Unity.InputSystem.ForUI", "Unity.InputSystem.ForUI.Player.csproj", "{8C1F69CB-1E72-3573-E85C-1AF2D1D7FA6E}"
EndProject
Project("{FAE04EC0-301F-11D3-BF4B-00C04F79EFBC}") = "Unity.AI.Navigation", "Unity.AI.Navigation.Player.csproj", "{4118B154-3C04-A71C-C823-C361917D07F7}"
EndProject
Project("{FAE04EC0-301F-11D3-BF4B-00C04F79EFBC}") = "Unity.InputSystem.TestFramework", "Unity.InputSystem.TestFramework.Player.csproj", "{C9A70E2A-5D52-88F1-602F-FA3FF021079D}"
EndProject
Project("{FAE04EC0-301F-11D3-BF4B-00C04F79EFBC}") = "Unity.RenderPipeline.Universal.ShaderLibrary", "Unity.RenderPipeline.Universal.ShaderLibrary.Player.csproj", "{25B88D24-EBB4-CC79-A935-E1D94D2873FA}"
EndProject
Project("{FAE04EC0-301F-11D3-BF4B-00C04F79EFBC}") = "Unity.RenderPipelines.Universal.Shaders", "Unity.RenderPipelines.Universal.Shaders.Player.csproj", "{BADDF185-D80C-0E71-F38D-0187EDB15797}"
EndProject
Project("{FAE04EC0-301F-11D3-BF4B-00C04F79EFBC}") = "Unity.RenderPipelines.Core.Runtime.Shared", "Unity.RenderPipelines.Core.Runtime.Shared.Player.csproj", "{72D1D25A-6B48-8B4E-4FC4-98A74DB35FBC}"
EndProject
Project("{FAE04EC0-301F-11D3-BF4B-00C04F79EFBC}") = "Unity.InternalAPIEngineBridge.004", "Unity.InternalAPIEngineBridge.004.Player.csproj", "{BC632F5B-AC34-14D9-0C4A-9DA530C36FA8}"
EndProject
Project("{FAE04EC0-301F-11D3-BF4B-00C04F79EFBC}") = "Unity.VisualScripting.DocCodeExamples", "Unity.VisualScripting.DocCodeExamples.Player.csproj", "{2CC58F14-2CF3-A76C-4912-47376B15253B}"
EndProject
Project("{FAE04EC0-301F-11D3-BF4B-00C04F79EFBC}") = "Unity.RenderPipelines.Universal.Config.Runtime", "Unity.RenderPipelines.Universal.Config.Runtime.Player.csproj", "{9E03F314-8ADE-3EDA-6AFF-DD6E6EFDA4CD}"
EndProject
Project("{FAE04EC0-301F-11D3-BF4B-00C04F79EFBC}") = "Unity.RenderPipelines.ShaderGraph.ShaderGraphLibrary", "Unity.RenderPipelines.ShaderGraph.ShaderGraphLibrary.Player.csproj", "{E991846E-3B49-13EB-6915-33A2F206F8DD}"
EndProject
Project("{FAE04EC0-301F-11D3-BF4B-00C04F79EFBC}") = "Unity.RenderPipelines.Core.ShaderLibrary", "Unity.RenderPipelines.Core.ShaderLibrary.Player.csproj", "{8B5F7F02-5DC2-17B0-6B3A-AFA3118F3EB5}"
EndProject
Global
	GlobalSection(SolutionConfigurationPlatforms) = preSolution
		Debug|Any CPU = Debug|Any CPU
		Release|Any CPU = Release|Any CPU
	EndGlobalSection
	GlobalSection(ProjectConfigurationPlatforms) = postSolution
		{FF361AB4-26A2-D572-6B64-B0445A9B22FA}.Debug|Any CPU.ActiveCfg = Debug|Any CPU
		{FF361AB4-26A2-D572-6B64-B0445A9B22FA}.Debug|Any CPU.Build.0 = Debug|Any CPU
		{FF361AB4-26A2-D572-6B64-B0445A9B22FA}.Release|Any CPU.ActiveCfg = Release|Any CPU
		{FF361AB4-26A2-D572-6B64-B0445A9B22FA}.Release|Any CPU.Build.0 = Release|Any CPU
		{A1A7F6EB-258E-1F61-4EFF-0A657228F816}.Debug|Any CPU.ActiveCfg = Debug|Any CPU
		{A1A7F6EB-258E-1F61-4EFF-0A657228F816}.Debug|Any CPU.Build.0 = Debug|Any CPU
		{A1A7F6EB-258E-1F61-4EFF-0A657228F816}.Release|Any CPU.ActiveCfg = Release|Any CPU
		{A1A7F6EB-258E-1F61-4EFF-0A657228F816}.Release|Any CPU.Build.0 = Release|Any CPU
		{7F5904A3-914E-F560-1FC0-9636958CCB4E}.Debug|Any CPU.ActiveCfg = Debug|Any CPU
		{7F5904A3-914E-F560-1FC0-9636958CCB4E}.Debug|Any CPU.Build.0 = Debug|Any CPU
		{7F5904A3-914E-F560-1FC0-9636958CCB4E}.Release|Any CPU.ActiveCfg = Release|Any CPU
		{7F5904A3-914E-F560-1FC0-9636958CCB4E}.Release|Any CPU.Build.0 = Release|Any CPU
		{5178E640-A5EE-07A2-5FC4-3788B04825CD}.Debug|Any CPU.ActiveCfg = Debug|Any CPU
		{5178E640-A5EE-07A2-5FC4-3788B04825CD}.Debug|Any CPU.Build.0 = Debug|Any CPU
		{5178E640-A5EE-07A2-5FC4-3788B04825CD}.Release|Any CPU.ActiveCfg = Release|Any CPU
		{5178E640-A5EE-07A2-5FC4-3788B04825CD}.Release|Any CPU.Build.0 = Release|Any CPU
		{3CA518FF-25E0-2E1B-049D-DAF369CE6A7A}.Debug|Any CPU.ActiveCfg = Debug|Any CPU
		{3CA518FF-25E0-2E1B-049D-DAF369CE6A7A}.Debug|Any CPU.Build.0 = Debug|Any CPU
		{3CA518FF-25E0-2E1B-049D-DAF369CE6A7A}.Release|Any CPU.ActiveCfg = Release|Any CPU
		{3CA518FF-25E0-2E1B-049D-DAF369CE6A7A}.Release|Any CPU.Build.0 = Release|Any CPU
		{6EFEFEE3-5F19-7BE3-1744-7FD852118745}.Debug|Any CPU.ActiveCfg = Debug|Any CPU
		{6EFEFEE3-5F19-7BE3-1744-7FD852118745}.Debug|Any CPU.Build.0 = Debug|Any CPU
		{6EFEFEE3-5F19-7BE3-1744-7FD852118745}.Release|Any CPU.ActiveCfg = Release|Any CPU
		{6EFEFEE3-5F19-7BE3-1744-7FD852118745}.Release|Any CPU.Build.0 = Release|Any CPU
		{E33C9A71-EEC7-2C98-3D9A-53C12F89DEB2}.Debug|Any CPU.ActiveCfg = Debug|Any CPU
		{E33C9A71-EEC7-2C98-3D9A-53C12F89DEB2}.Debug|Any CPU.Build.0 = Debug|Any CPU
		{E33C9A71-EEC7-2C98-3D9A-53C12F89DEB2}.Release|Any CPU.ActiveCfg = Release|Any CPU
		{E33C9A71-EEC7-2C98-3D9A-53C12F89DEB2}.Release|Any CPU.Build.0 = Release|Any CPU
		{B54C3493-94E7-E217-264D-DA6E3206FB95}.Debug|Any CPU.ActiveCfg = Debug|Any CPU
		{B54C3493-94E7-E217-264D-DA6E3206FB95}.Debug|Any CPU.Build.0 = Debug|Any CPU
		{B54C3493-94E7-E217-264D-DA6E3206FB95}.Release|Any CPU.ActiveCfg = Release|Any CPU
		{B54C3493-94E7-E217-264D-DA6E3206FB95}.Release|Any CPU.Build.0 = Release|Any CPU
		{443F4102-42E0-B0D6-F768-08BCDB290CB3}.Debug|Any CPU.ActiveCfg = Debug|Any CPU
		{443F4102-42E0-B0D6-F768-08BCDB290CB3}.Debug|Any CPU.Build.0 = Debug|Any CPU
		{443F4102-42E0-B0D6-F768-08BCDB290CB3}.Release|Any CPU.ActiveCfg = Release|Any CPU
		{443F4102-42E0-B0D6-F768-08BCDB290CB3}.Release|Any CPU.Build.0 = Release|Any CPU
		{10EA7BF9-F6D3-453C-7E46-0BD04BB3D665}.Debug|Any CPU.ActiveCfg = Debug|Any CPU
		{10EA7BF9-F6D3-453C-7E46-0BD04BB3D665}.Debug|Any CPU.Build.0 = Debug|Any CPU
		{10EA7BF9-F6D3-453C-7E46-0BD04BB3D665}.Release|Any CPU.ActiveCfg = Release|Any CPU
		{10EA7BF9-F6D3-453C-7E46-0BD04BB3D665}.Release|Any CPU.Build.0 = Release|Any CPU
		{1CBD4038-9E36-3C6A-A4E2-11EFD020BA9A}.Debug|Any CPU.ActiveCfg = Debug|Any CPU
		{1CBD4038-9E36-3C6A-A4E2-11EFD020BA9A}.Debug|Any CPU.Build.0 = Debug|Any CPU
		{1CBD4038-9E36-3C6A-A4E2-11EFD020BA9A}.Release|Any CPU.ActiveCfg = Release|Any CPU
		{1CBD4038-9E36-3C6A-A4E2-11EFD020BA9A}.Release|Any CPU.Build.0 = Release|Any CPU
		{972F534B-742B-A77E-68ED-64EA05D254E5}.Debug|Any CPU.ActiveCfg = Debug|Any CPU
		{972F534B-742B-A77E-68ED-64EA05D254E5}.Debug|Any CPU.Build.0 = Debug|Any CPU
		{972F534B-742B-A77E-68ED-64EA05D254E5}.Release|Any CPU.ActiveCfg = Release|Any CPU
		{972F534B-742B-A77E-68ED-64EA05D254E5}.Release|Any CPU.Build.0 = Release|Any CPU
		{12EDF890-9718-B6F3-4D2D-E42B9AAA5C1A}.Debug|Any CPU.ActiveCfg = Debug|Any CPU
		{12EDF890-9718-B6F3-4D2D-E42B9AAA5C1A}.Debug|Any CPU.Build.0 = Debug|Any CPU
		{12EDF890-9718-B6F3-4D2D-E42B9AAA5C1A}.Release|Any CPU.ActiveCfg = Release|Any CPU
		{12EDF890-9718-B6F3-4D2D-E42B9AAA5C1A}.Release|Any CPU.Build.0 = Release|Any CPU
		{0E7EBC2B-8A56-3639-68B6-3E08EB2014D1}.Debug|Any CPU.ActiveCfg = Debug|Any CPU
		{0E7EBC2B-8A56-3639-68B6-3E08EB2014D1}.Debug|Any CPU.Build.0 = Debug|Any CPU
		{0E7EBC2B-8A56-3639-68B6-3E08EB2014D1}.Release|Any CPU.ActiveCfg = Release|Any CPU
		{0E7EBC2B-8A56-3639-68B6-3E08EB2014D1}.Release|Any CPU.Build.0 = Release|Any CPU
		{483D8951-3951-5E75-5D7B-19CFFC3C787B}.Debug|Any CPU.ActiveCfg = Debug|Any CPU
		{483D8951-3951-5E75-5D7B-19CFFC3C787B}.Debug|Any CPU.Build.0 = Debug|Any CPU
		{483D8951-3951-5E75-5D7B-19CFFC3C787B}.Release|Any CPU.ActiveCfg = Release|Any CPU
		{483D8951-3951-5E75-5D7B-19CFFC3C787B}.Release|Any CPU.Build.0 = Release|Any CPU
		{964813C6-3901-5DB0-7E8C-74899572B6E7}.Debug|Any CPU.ActiveCfg = Debug|Any CPU
		{964813C6-3901-5DB0-7E8C-74899572B6E7}.Debug|Any CPU.Build.0 = Debug|Any CPU
		{964813C6-3901-5DB0-7E8C-74899572B6E7}.Release|Any CPU.ActiveCfg = Release|Any CPU
		{964813C6-3901-5DB0-7E8C-74899572B6E7}.Release|Any CPU.Build.0 = Release|Any CPU
		{A9A3D336-A6D5-F789-C68D-94F5BF5CEF81}.Debug|Any CPU.ActiveCfg = Debug|Any CPU
		{A9A3D336-A6D5-F789-C68D-94F5BF5CEF81}.Debug|Any CPU.Build.0 = Debug|Any CPU
		{A9A3D336-A6D5-F789-C68D-94F5BF5CEF81}.Release|Any CPU.ActiveCfg = Release|Any CPU
		{A9A3D336-A6D5-F789-C68D-94F5BF5CEF81}.Release|Any CPU.Build.0 = Release|Any CPU
		{158F75DE-2BF4-2BA9-3663-385C70E9DB76}.Debug|Any CPU.ActiveCfg = Debug|Any CPU
		{158F75DE-2BF4-2BA9-3663-385C70E9DB76}.Debug|Any CPU.Build.0 = Debug|Any CPU
		{158F75DE-2BF4-2BA9-3663-385C70E9DB76}.Release|Any CPU.ActiveCfg = Release|Any CPU
		{158F75DE-2BF4-2BA9-3663-385C70E9DB76}.Release|Any CPU.Build.0 = Release|Any CPU
		{0EF0E86C-C7EB-85C8-7E31-B739C6B70D14}.Debug|Any CPU.ActiveCfg = Debug|Any CPU
		{0EF0E86C-C7EB-85C8-7E31-B739C6B70D14}.Debug|Any CPU.Build.0 = Debug|Any CPU
		{0EF0E86C-C7EB-85C8-7E31-B739C6B70D14}.Release|Any CPU.ActiveCfg = Release|Any CPU
		{0EF0E86C-C7EB-85C8-7E31-B739C6B70D14}.Release|Any CPU.Build.0 = Release|Any CPU
		{41344B90-2C94-E6FB-1BFB-FD74A0D27687}.Debug|Any CPU.ActiveCfg = Debug|Any CPU
		{41344B90-2C94-E6FB-1BFB-FD74A0D27687}.Debug|Any CPU.Build.0 = Debug|Any CPU
		{41344B90-2C94-E6FB-1BFB-FD74A0D27687}.Release|Any CPU.ActiveCfg = Release|Any CPU
		{41344B90-2C94-E6FB-1BFB-FD74A0D27687}.Release|Any CPU.Build.0 = Release|Any CPU
		{18BAF9CD-BB9C-E974-053A-E7CEC420CC2F}.Debug|Any CPU.ActiveCfg = Debug|Any CPU
		{18BAF9CD-BB9C-E974-053A-E7CEC420CC2F}.Debug|Any CPU.Build.0 = Debug|Any CPU
		{18BAF9CD-BB9C-E974-053A-E7CEC420CC2F}.Release|Any CPU.ActiveCfg = Release|Any CPU
		{18BAF9CD-BB9C-E974-053A-E7CEC420CC2F}.Release|Any CPU.Build.0 = Release|Any CPU
		{3458CEDA-B1CD-7ED3-E897-C9B5A45A70DB}.Debug|Any CPU.ActiveCfg = Debug|Any CPU
		{3458CEDA-B1CD-7ED3-E897-C9B5A45A70DB}.Debug|Any CPU.Build.0 = Debug|Any CPU
		{3458CEDA-B1CD-7ED3-E897-C9B5A45A70DB}.Release|Any CPU.ActiveCfg = Release|Any CPU
		{3458CEDA-B1CD-7ED3-E897-C9B5A45A70DB}.Release|Any CPU.Build.0 = Release|Any CPU
		{902E4DBF-A5B3-66DF-A748-9D178A566ADC}.Debug|Any CPU.ActiveCfg = Debug|Any CPU
		{902E4DBF-A5B3-66DF-A748-9D178A566ADC}.Debug|Any CPU.Build.0 = Debug|Any CPU
		{902E4DBF-A5B3-66DF-A748-9D178A566ADC}.Release|Any CPU.ActiveCfg = Release|Any CPU
		{902E4DBF-A5B3-66DF-A748-9D178A566ADC}.Release|Any CPU.Build.0 = Release|Any CPU
		{A73E920F-77F6-B0F3-7165-6F636619FFE9}.Debug|Any CPU.ActiveCfg = Debug|Any CPU
		{A73E920F-77F6-B0F3-7165-6F636619FFE9}.Debug|Any CPU.Build.0 = Debug|Any CPU
		{A73E920F-77F6-B0F3-7165-6F636619FFE9}.Release|Any CPU.ActiveCfg = Release|Any CPU
		{A73E920F-77F6-B0F3-7165-6F636619FFE9}.Release|Any CPU.Build.0 = Release|Any CPU
		{3D7D14AA-E0C1-F136-BC6D-61B9B6DB1F24}.Debug|Any CPU.ActiveCfg = Debug|Any CPU
		{3D7D14AA-E0C1-F136-BC6D-61B9B6DB1F24}.Debug|Any CPU.Build.0 = Debug|Any CPU
		{3D7D14AA-E0C1-F136-BC6D-61B9B6DB1F24}.Release|Any CPU.ActiveCfg = Release|Any CPU
		{3D7D14AA-E0C1-F136-BC6D-61B9B6DB1F24}.Release|Any CPU.Build.0 = Release|Any CPU
		{F3277BCC-2D91-4423-272E-1F71EF5BD751}.Debug|Any CPU.ActiveCfg = Debug|Any CPU
		{F3277BCC-2D91-4423-272E-1F71EF5BD751}.Debug|Any CPU.Build.0 = Debug|Any CPU
		{F3277BCC-2D91-4423-272E-1F71EF5BD751}.Release|Any CPU.ActiveCfg = Release|Any CPU
		{F3277BCC-2D91-4423-272E-1F71EF5BD751}.Release|Any CPU.Build.0 = Release|Any CPU
		{5E9AD497-AA22-5389-E832-3186EE589CA0}.Debug|Any CPU.ActiveCfg = Debug|Any CPU
		{5E9AD497-AA22-5389-E832-3186EE589CA0}.Debug|Any CPU.Build.0 = Debug|Any CPU
		{5E9AD497-AA22-5389-E832-3186EE589CA0}.Release|Any CPU.ActiveCfg = Release|Any CPU
		{5E9AD497-AA22-5389-E832-3186EE589CA0}.Release|Any CPU.Build.0 = Release|Any CPU
		{DA7F76E0-2C11-AA53-FEC4-EEAD807496F3}.Debug|Any CPU.ActiveCfg = Debug|Any CPU
		{DA7F76E0-2C11-AA53-FEC4-EEAD807496F3}.Debug|Any CPU.Build.0 = Debug|Any CPU
		{DA7F76E0-2C11-AA53-FEC4-EEAD807496F3}.Release|Any CPU.ActiveCfg = Release|Any CPU
		{DA7F76E0-2C11-AA53-FEC4-EEAD807496F3}.Release|Any CPU.Build.0 = Release|Any CPU
		{001A7456-C164-58C5-7A9C-AC7B607608A3}.Debug|Any CPU.ActiveCfg = Debug|Any CPU
		{001A7456-C164-58C5-7A9C-AC7B607608A3}.Debug|Any CPU.Build.0 = Debug|Any CPU
		{001A7456-C164-58C5-7A9C-AC7B607608A3}.Release|Any CPU.ActiveCfg = Release|Any CPU
		{001A7456-C164-58C5-7A9C-AC7B607608A3}.Release|Any CPU.Build.0 = Release|Any CPU
		{06F1AB11-4EC2-F8BB-D9D2-47333C4EB2CE}.Debug|Any CPU.ActiveCfg = Debug|Any CPU
		{06F1AB11-4EC2-F8BB-D9D2-47333C4EB2CE}.Debug|Any CPU.Build.0 = Debug|Any CPU
		{06F1AB11-4EC2-F8BB-D9D2-47333C4EB2CE}.Release|Any CPU.ActiveCfg = Release|Any CPU
		{06F1AB11-4EC2-F8BB-D9D2-47333C4EB2CE}.Release|Any CPU.Build.0 = Release|Any CPU
		{67104D92-187E-70FE-7E47-6D372489FE48}.Debug|Any CPU.ActiveCfg = Debug|Any CPU
		{67104D92-187E-70FE-7E47-6D372489FE48}.Debug|Any CPU.Build.0 = Debug|Any CPU
		{67104D92-187E-70FE-7E47-6D372489FE48}.Release|Any CPU.ActiveCfg = Release|Any CPU
		{67104D92-187E-70FE-7E47-6D372489FE48}.Release|Any CPU.Build.0 = Release|Any CPU
		{D936AAF7-7222-69D3-6FA2-28613749CEE2}.Debug|Any CPU.ActiveCfg = Debug|Any CPU
		{D936AAF7-7222-69D3-6FA2-28613749CEE2}.Debug|Any CPU.Build.0 = Debug|Any CPU
		{D936AAF7-7222-69D3-6FA2-28613749CEE2}.Release|Any CPU.ActiveCfg = Release|Any CPU
		{D936AAF7-7222-69D3-6FA2-28613749CEE2}.Release|Any CPU.Build.0 = Release|Any CPU
		{50414730-693E-8886-24F8-C3440ADA3462}.Debug|Any CPU.ActiveCfg = Debug|Any CPU
		{50414730-693E-8886-24F8-C3440ADA3462}.Debug|Any CPU.Build.0 = Debug|Any CPU
		{50414730-693E-8886-24F8-C3440ADA3462}.Release|Any CPU.ActiveCfg = Release|Any CPU
		{50414730-693E-8886-24F8-C3440ADA3462}.Release|Any CPU.Build.0 = Release|Any CPU
		{F47D760C-A9F5-CC9B-1B15-F163BA2E4808}.Debug|Any CPU.ActiveCfg = Debug|Any CPU
		{F47D760C-A9F5-CC9B-1B15-F163BA2E4808}.Debug|Any CPU.Build.0 = Debug|Any CPU
		{F47D760C-A9F5-CC9B-1B15-F163BA2E4808}.Release|Any CPU.ActiveCfg = Release|Any CPU
		{F47D760C-A9F5-CC9B-1B15-F163BA2E4808}.Release|Any CPU.Build.0 = Release|Any CPU
		{A291F0C4-6319-D585-931B-ED32C9AB0FC0}.Debug|Any CPU.ActiveCfg = Debug|Any CPU
		{A291F0C4-6319-D585-931B-ED32C9AB0FC0}.Debug|Any CPU.Build.0 = Debug|Any CPU
		{A291F0C4-6319-D585-931B-ED32C9AB0FC0}.Release|Any CPU.ActiveCfg = Release|Any CPU
		{A291F0C4-6319-D585-931B-ED32C9AB0FC0}.Release|Any CPU.Build.0 = Release|Any CPU
		{4F1295B3-AF5C-6F60-6FE0-F9301246568A}.Debug|Any CPU.ActiveCfg = Debug|Any CPU
		{4F1295B3-AF5C-6F60-6FE0-F9301246568A}.Debug|Any CPU.Build.0 = Debug|Any CPU
		{4F1295B3-AF5C-6F60-6FE0-F9301246568A}.Release|Any CPU.ActiveCfg = Release|Any CPU
		{4F1295B3-AF5C-6F60-6FE0-F9301246568A}.Release|Any CPU.Build.0 = Release|Any CPU
		{69628D60-1EF1-28E0-668A-F40CCDF693D2}.Debug|Any CPU.ActiveCfg = Debug|Any CPU
		{69628D60-1EF1-28E0-668A-F40CCDF693D2}.Debug|Any CPU.Build.0 = Debug|Any CPU
		{69628D60-1EF1-28E0-668A-F40CCDF693D2}.Release|Any CPU.ActiveCfg = Release|Any CPU
		{69628D60-1EF1-28E0-668A-F40CCDF693D2}.Release|Any CPU.Build.0 = Release|Any CPU
		{F21BA0F8-289F-CAC6-6B1A-8022AEAF1C05}.Debug|Any CPU.ActiveCfg = Debug|Any CPU
		{F21BA0F8-289F-CAC6-6B1A-8022AEAF1C05}.Debug|Any CPU.Build.0 = Debug|Any CPU
		{F21BA0F8-289F-CAC6-6B1A-8022AEAF1C05}.Release|Any CPU.ActiveCfg = Release|Any CPU
		{F21BA0F8-289F-CAC6-6B1A-8022AEAF1C05}.Release|Any CPU.Build.0 = Release|Any CPU
		{2A29AB6B-A866-0D71-2AC4-7D13834C8FC8}.Debug|Any CPU.ActiveCfg = Debug|Any CPU
		{2A29AB6B-A866-0D71-2AC4-7D13834C8FC8}.Debug|Any CPU.Build.0 = Debug|Any CPU
		{2A29AB6B-A866-0D71-2AC4-7D13834C8FC8}.Release|Any CPU.ActiveCfg = Release|Any CPU
		{2A29AB6B-A866-0D71-2AC4-7D13834C8FC8}.Release|Any CPU.Build.0 = Release|Any CPU
		{CAAB7967-8707-140E-3E64-DF57982DF202}.Debug|Any CPU.ActiveCfg = Debug|Any CPU
		{CAAB7967-8707-140E-3E64-DF57982DF202}.Debug|Any CPU.Build.0 = Debug|Any CPU
		{CAAB7967-8707-140E-3E64-DF57982DF202}.Release|Any CPU.ActiveCfg = Release|Any CPU
		{CAAB7967-8707-140E-3E64-DF57982DF202}.Release|Any CPU.Build.0 = Release|Any CPU
		{09D9BD74-A530-4616-3215-2D32B9AD89A1}.Debug|Any CPU.ActiveCfg = Debug|Any CPU
		{09D9BD74-A530-4616-3215-2D32B9AD89A1}.Debug|Any CPU.Build.0 = Debug|Any CPU
		{09D9BD74-A530-4616-3215-2D32B9AD89A1}.Release|Any CPU.ActiveCfg = Release|Any CPU
		{09D9BD74-A530-4616-3215-2D32B9AD89A1}.Release|Any CPU.Build.0 = Release|Any CPU
		{9D46C0EF-66A9-CF14-9D1E-576CE7A4A9EF}.Debug|Any CPU.ActiveCfg = Debug|Any CPU
		{9D46C0EF-66A9-CF14-9D1E-576CE7A4A9EF}.Debug|Any CPU.Build.0 = Debug|Any CPU
		{9D46C0EF-66A9-CF14-9D1E-576CE7A4A9EF}.Release|Any CPU.ActiveCfg = Release|Any CPU
		{9D46C0EF-66A9-CF14-9D1E-576CE7A4A9EF}.Release|Any CPU.Build.0 = Release|Any CPU
		{806AB54F-CF34-A2D8-8C49-961D5F0FB4F7}.Debug|Any CPU.ActiveCfg = Debug|Any CPU
		{806AB54F-CF34-A2D8-8C49-961D5F0FB4F7}.Debug|Any CPU.Build.0 = Debug|Any CPU
		{806AB54F-CF34-A2D8-8C49-961D5F0FB4F7}.Release|Any CPU.ActiveCfg = Release|Any CPU
		{806AB54F-CF34-A2D8-8C49-961D5F0FB4F7}.Release|Any CPU.Build.0 = Release|Any CPU
		{6E623FCB-3E00-6D55-7640-596510E38FBB}.Debug|Any CPU.ActiveCfg = Debug|Any CPU
		{6E623FCB-3E00-6D55-7640-596510E38FBB}.Debug|Any CPU.Build.0 = Debug|Any CPU
		{6E623FCB-3E00-6D55-7640-596510E38FBB}.Release|Any CPU.ActiveCfg = Release|Any CPU
		{6E623FCB-3E00-6D55-7640-596510E38FBB}.Release|Any CPU.Build.0 = Release|Any CPU
		{12545156-0FEF-8409-1075-31CCFD992D2F}.Debug|Any CPU.ActiveCfg = Debug|Any CPU
		{12545156-0FEF-8409-1075-31CCFD992D2F}.Debug|Any CPU.Build.0 = Debug|Any CPU
		{12545156-0FEF-8409-1075-31CCFD992D2F}.Release|Any CPU.ActiveCfg = Release|Any CPU
		{12545156-0FEF-8409-1075-31CCFD992D2F}.Release|Any CPU.Build.0 = Release|Any CPU
		{3AEBB432-F2C7-BA82-9B56-37A6B4C9B66B}.Debug|Any CPU.ActiveCfg = Debug|Any CPU
		{3AEBB432-F2C7-BA82-9B56-37A6B4C9B66B}.Debug|Any CPU.Build.0 = Debug|Any CPU
		{3AEBB432-F2C7-BA82-9B56-37A6B4C9B66B}.Release|Any CPU.ActiveCfg = Release|Any CPU
		{3AEBB432-F2C7-BA82-9B56-37A6B4C9B66B}.Release|Any CPU.Build.0 = Release|Any CPU
		{41DEF11F-C270-0F29-CC68-C8E5C23CE879}.Debug|Any CPU.ActiveCfg = Debug|Any CPU
		{41DEF11F-C270-0F29-CC68-C8E5C23CE879}.Debug|Any CPU.Build.0 = Debug|Any CPU
		{41DEF11F-C270-0F29-CC68-C8E5C23CE879}.Release|Any CPU.ActiveCfg = Release|Any CPU
		{41DEF11F-C270-0F29-CC68-C8E5C23CE879}.Release|Any CPU.Build.0 = Release|Any CPU
		{4AD20373-F977-48A4-F21B-95FE6D5C5D4A}.Debug|Any CPU.ActiveCfg = Debug|Any CPU
		{4AD20373-F977-48A4-F21B-95FE6D5C5D4A}.Debug|Any CPU.Build.0 = Debug|Any CPU
		{4AD20373-F977-48A4-F21B-95FE6D5C5D4A}.Release|Any CPU.ActiveCfg = Release|Any CPU
		{4AD20373-F977-48A4-F21B-95FE6D5C5D4A}.Release|Any CPU.Build.0 = Release|Any CPU
		{B472D798-4FA8-78DB-F149-73340C42D2CE}.Debug|Any CPU.ActiveCfg = Debug|Any CPU
		{B472D798-4FA8-78DB-F149-73340C42D2CE}.Debug|Any CPU.Build.0 = Debug|Any CPU
		{B472D798-4FA8-78DB-F149-73340C42D2CE}.Release|Any CPU.ActiveCfg = Release|Any CPU
		{B472D798-4FA8-78DB-F149-73340C42D2CE}.Release|Any CPU.Build.0 = Release|Any CPU
		{951F1877-F3FB-329D-F5EE-74B48A93A3DA}.Debug|Any CPU.ActiveCfg = Debug|Any CPU
		{951F1877-F3FB-329D-F5EE-74B48A93A3DA}.Debug|Any CPU.Build.0 = Debug|Any CPU
		{951F1877-F3FB-329D-F5EE-74B48A93A3DA}.Release|Any CPU.ActiveCfg = Release|Any CPU
		{951F1877-F3FB-329D-F5EE-74B48A93A3DA}.Release|Any CPU.Build.0 = Release|Any CPU
		{69111E61-D5A2-0C7D-8046-EFC4DF8D089B}.Debug|Any CPU.ActiveCfg = Debug|Any CPU
		{69111E61-D5A2-0C7D-8046-EFC4DF8D089B}.Debug|Any CPU.Build.0 = Debug|Any CPU
		{69111E61-D5A2-0C7D-8046-EFC4DF8D089B}.Release|Any CPU.ActiveCfg = Release|Any CPU
		{69111E61-D5A2-0C7D-8046-EFC4DF8D089B}.Release|Any CPU.Build.0 = Release|Any CPU
		{C0265E80-C52D-DEE5-7761-373D9C453822}.Debug|Any CPU.ActiveCfg = Debug|Any CPU
		{C0265E80-C52D-DEE5-7761-373D9C453822}.Debug|Any CPU.Build.0 = Debug|Any CPU
		{C0265E80-C52D-DEE5-7761-373D9C453822}.Release|Any CPU.ActiveCfg = Release|Any CPU
		{C0265E80-C52D-DEE5-7761-373D9C453822}.Release|Any CPU.Build.0 = Release|Any CPU
		{1A7FB506-B553-4798-3240-A6A873154C9C}.Debug|Any CPU.ActiveCfg = Debug|Any CPU
		{1A7FB506-B553-4798-3240-A6A873154C9C}.Debug|Any CPU.Build.0 = Debug|Any CPU
		{1A7FB506-B553-4798-3240-A6A873154C9C}.Release|Any CPU.ActiveCfg = Release|Any CPU
		{1A7FB506-B553-4798-3240-A6A873154C9C}.Release|Any CPU.Build.0 = Release|Any CPU
		{15DBCDDB-BC0E-FF2E-F8E9-719B072299E5}.Debug|Any CPU.ActiveCfg = Debug|Any CPU
		{15DBCDDB-BC0E-FF2E-F8E9-719B072299E5}.Debug|Any CPU.Build.0 = Debug|Any CPU
		{15DBCDDB-BC0E-FF2E-F8E9-719B072299E5}.Release|Any CPU.ActiveCfg = Release|Any CPU
		{15DBCDDB-BC0E-FF2E-F8E9-719B072299E5}.Release|Any CPU.Build.0 = Release|Any CPU
		{6922B74D-C2A2-1C71-2449-2548469A4C8A}.Debug|Any CPU.ActiveCfg = Debug|Any CPU
		{6922B74D-C2A2-1C71-2449-2548469A4C8A}.Debug|Any CPU.Build.0 = Debug|Any CPU
		{6922B74D-C2A2-1C71-2449-2548469A4C8A}.Release|Any CPU.ActiveCfg = Release|Any CPU
		{6922B74D-C2A2-1C71-2449-2548469A4C8A}.Release|Any CPU.Build.0 = Release|Any CPU
		{D7094838-0356-2D70-BC4B-ABD4B88E042A}.Debug|Any CPU.ActiveCfg = Debug|Any CPU
		{D7094838-0356-2D70-BC4B-ABD4B88E042A}.Debug|Any CPU.Build.0 = Debug|Any CPU
		{D7094838-0356-2D70-BC4B-ABD4B88E042A}.Release|Any CPU.ActiveCfg = Release|Any CPU
		{D7094838-0356-2D70-BC4B-ABD4B88E042A}.Release|Any CPU.Build.0 = Release|Any CPU
		{3B073EDF-1589-8F43-A319-88E72925A281}.Debug|Any CPU.ActiveCfg = Debug|Any CPU
		{3B073EDF-1589-8F43-A319-88E72925A281}.Debug|Any CPU.Build.0 = Debug|Any CPU
		{3B073EDF-1589-8F43-A319-88E72925A281}.Release|Any CPU.ActiveCfg = Release|Any CPU
		{3B073EDF-1589-8F43-A319-88E72925A281}.Release|Any CPU.Build.0 = Release|Any CPU
		{C0C6890A-B106-E7D8-A28A-BEA4A3FDC262}.Debug|Any CPU.ActiveCfg = Debug|Any CPU
		{C0C6890A-B106-E7D8-A28A-BEA4A3FDC262}.Debug|Any CPU.Build.0 = Debug|Any CPU
		{C0C6890A-B106-E7D8-A28A-BEA4A3FDC262}.Release|Any CPU.ActiveCfg = Release|Any CPU
		{C0C6890A-B106-E7D8-A28A-BEA4A3FDC262}.Release|Any CPU.Build.0 = Release|Any CPU
		{5CB268B9-0842-8D7C-6121-879AD7C82A5C}.Debug|Any CPU.ActiveCfg = Debug|Any CPU
		{5CB268B9-0842-8D7C-6121-879AD7C82A5C}.Debug|Any CPU.Build.0 = Debug|Any CPU
		{5CB268B9-0842-8D7C-6121-879AD7C82A5C}.Release|Any CPU.ActiveCfg = Release|Any CPU
		{5CB268B9-0842-8D7C-6121-879AD7C82A5C}.Release|Any CPU.Build.0 = Release|Any CPU
		{98EC938A-0C55-FB82-F547-427D0F1C0619}.Debug|Any CPU.ActiveCfg = Debug|Any CPU
		{98EC938A-0C55-FB82-F547-427D0F1C0619}.Debug|Any CPU.Build.0 = Debug|Any CPU
		{98EC938A-0C55-FB82-F547-427D0F1C0619}.Release|Any CPU.ActiveCfg = Release|Any CPU
		{98EC938A-0C55-FB82-F547-427D0F1C0619}.Release|Any CPU.Build.0 = Release|Any CPU
		{FCD3BA0F-3712-0844-D564-F359B2B1CA18}.Debug|Any CPU.ActiveCfg = Debug|Any CPU
		{FCD3BA0F-3712-0844-D564-F359B2B1CA18}.Debug|Any CPU.Build.0 = Debug|Any CPU
		{FCD3BA0F-3712-0844-D564-F359B2B1CA18}.Release|Any CPU.ActiveCfg = Release|Any CPU
		{FCD3BA0F-3712-0844-D564-F359B2B1CA18}.Release|Any CPU.Build.0 = Release|Any CPU
		{6637E838-7AF8-90E1-EF59-206ACACE108A}.Debug|Any CPU.ActiveCfg = Debug|Any CPU
		{6637E838-7AF8-90E1-EF59-206ACACE108A}.Debug|Any CPU.Build.0 = Debug|Any CPU
		{6637E838-7AF8-90E1-EF59-206ACACE108A}.Release|Any CPU.ActiveCfg = Release|Any CPU
		{6637E838-7AF8-90E1-EF59-206ACACE108A}.Release|Any CPU.Build.0 = Release|Any CPU
		{E723521E-DB7F-2450-94B6-EBAC86C80291}.Debug|Any CPU.ActiveCfg = Debug|Any CPU
		{E723521E-DB7F-2450-94B6-EBAC86C80291}.Debug|Any CPU.Build.0 = Debug|Any CPU
		{E723521E-DB7F-2450-94B6-EBAC86C80291}.Release|Any CPU.ActiveCfg = Release|Any CPU
		{E723521E-DB7F-2450-94B6-EBAC86C80291}.Release|Any CPU.Build.0 = Release|Any CPU
		{C2A38EF5-1E3C-78FF-6B77-D3DA24BBEB0F}.Debug|Any CPU.ActiveCfg = Debug|Any CPU
		{C2A38EF5-1E3C-78FF-6B77-D3DA24BBEB0F}.Debug|Any CPU.Build.0 = Debug|Any CPU
		{C2A38EF5-1E3C-78FF-6B77-D3DA24BBEB0F}.Release|Any CPU.ActiveCfg = Release|Any CPU
		{C2A38EF5-1E3C-78FF-6B77-D3DA24BBEB0F}.Release|Any CPU.Build.0 = Release|Any CPU
		{91883284-D58F-FBFD-4866-F490ADC40811}.Debug|Any CPU.ActiveCfg = Debug|Any CPU
		{91883284-D58F-FBFD-4866-F490ADC40811}.Debug|Any CPU.Build.0 = Debug|Any CPU
		{91883284-D58F-FBFD-4866-F490ADC40811}.Release|Any CPU.ActiveCfg = Release|Any CPU
		{91883284-D58F-FBFD-4866-F490ADC40811}.Release|Any CPU.Build.0 = Release|Any CPU
		{7972455B-67D5-A457-E732-A02741C3E7B4}.Debug|Any CPU.ActiveCfg = Debug|Any CPU
		{7972455B-67D5-A457-E732-A02741C3E7B4}.Debug|Any CPU.Build.0 = Debug|Any CPU
		{7972455B-67D5-A457-E732-A02741C3E7B4}.Release|Any CPU.ActiveCfg = Release|Any CPU
		{7972455B-67D5-A457-E732-A02741C3E7B4}.Release|Any CPU.Build.0 = Release|Any CPU
		{C67D3A4D-55F4-54BE-8861-F4F2DF4D81F6}.Debug|Any CPU.ActiveCfg = Debug|Any CPU
		{C67D3A4D-55F4-54BE-8861-F4F2DF4D81F6}.Debug|Any CPU.Build.0 = Debug|Any CPU
		{C67D3A4D-55F4-54BE-8861-F4F2DF4D81F6}.Release|Any CPU.ActiveCfg = Release|Any CPU
		{C67D3A4D-55F4-54BE-8861-F4F2DF4D81F6}.Release|Any CPU.Build.0 = Release|Any CPU
		{B937ABA4-ABBC-5B23-726D-668851A0567E}.Debug|Any CPU.ActiveCfg = Debug|Any CPU
		{B937ABA4-ABBC-5B23-726D-668851A0567E}.Debug|Any CPU.Build.0 = Debug|Any CPU
		{B937ABA4-ABBC-5B23-726D-668851A0567E}.Release|Any CPU.ActiveCfg = Release|Any CPU
		{B937ABA4-ABBC-5B23-726D-668851A0567E}.Release|Any CPU.Build.0 = Release|Any CPU
		{55A9CA92-71B4-5842-EB11-80FACB59DCC5}.Debug|Any CPU.ActiveCfg = Debug|Any CPU
		{55A9CA92-71B4-5842-EB11-80FACB59DCC5}.Debug|Any CPU.Build.0 = Debug|Any CPU
		{55A9CA92-71B4-5842-EB11-80FACB59DCC5}.Release|Any CPU.ActiveCfg = Release|Any CPU
		{55A9CA92-71B4-5842-EB11-80FACB59DCC5}.Release|Any CPU.Build.0 = Release|Any CPU
		{DEEF5D29-76D8-E520-0E11-4DC3F8CB804F}.Debug|Any CPU.ActiveCfg = Debug|Any CPU
		{DEEF5D29-76D8-E520-0E11-4DC3F8CB804F}.Debug|Any CPU.Build.0 = Debug|Any CPU
		{DEEF5D29-76D8-E520-0E11-4DC3F8CB804F}.Release|Any CPU.ActiveCfg = Release|Any CPU
		{DEEF5D29-76D8-E520-0E11-4DC3F8CB804F}.Release|Any CPU.Build.0 = Release|Any CPU
		{B0CD5761-3D6A-D12A-4367-6FD88949670B}.Debug|Any CPU.ActiveCfg = Debug|Any CPU
		{B0CD5761-3D6A-D12A-4367-6FD88949670B}.Debug|Any CPU.Build.0 = Debug|Any CPU
		{B0CD5761-3D6A-D12A-4367-6FD88949670B}.Release|Any CPU.ActiveCfg = Release|Any CPU
		{B0CD5761-3D6A-D12A-4367-6FD88949670B}.Release|Any CPU.Build.0 = Release|Any CPU
		{3ED1E0C0-2525-96EC-D811-877155AB468B}.Debug|Any CPU.ActiveCfg = Debug|Any CPU
		{3ED1E0C0-2525-96EC-D811-877155AB468B}.Debug|Any CPU.Build.0 = Debug|Any CPU
		{3ED1E0C0-2525-96EC-D811-877155AB468B}.Release|Any CPU.ActiveCfg = Release|Any CPU
		{3ED1E0C0-2525-96EC-D811-877155AB468B}.Release|Any CPU.Build.0 = Release|Any CPU
		{7B0FE40A-80F5-7DAF-5CD7-D41CF9B53092}.Debug|Any CPU.ActiveCfg = Debug|Any CPU
		{7B0FE40A-80F5-7DAF-5CD7-D41CF9B53092}.Debug|Any CPU.Build.0 = Debug|Any CPU
		{7B0FE40A-80F5-7DAF-5CD7-D41CF9B53092}.Release|Any CPU.ActiveCfg = Release|Any CPU
		{7B0FE40A-80F5-7DAF-5CD7-D41CF9B53092}.Release|Any CPU.Build.0 = Release|Any CPU
		{6830C700-C36B-1709-95EC-9CEF88E5C027}.Debug|Any CPU.ActiveCfg = Debug|Any CPU
		{6830C700-C36B-1709-95EC-9CEF88E5C027}.Debug|Any CPU.Build.0 = Debug|Any CPU
		{6830C700-C36B-1709-95EC-9CEF88E5C027}.Release|Any CPU.ActiveCfg = Release|Any CPU
		{6830C700-C36B-1709-95EC-9CEF88E5C027}.Release|Any CPU.Build.0 = Release|Any CPU
		{7D42C840-B4A9-E5CE-1EB1-2BE281C8C1F5}.Debug|Any CPU.ActiveCfg = Debug|Any CPU
		{7D42C840-B4A9-E5CE-1EB1-2BE281C8C1F5}.Debug|Any CPU.Build.0 = Debug|Any CPU
		{7D42C840-B4A9-E5CE-1EB1-2BE281C8C1F5}.Release|Any CPU.ActiveCfg = Release|Any CPU
		{7D42C840-B4A9-E5CE-1EB1-2BE281C8C1F5}.Release|Any CPU.Build.0 = Release|Any CPU
		{6F443C14-3C65-335D-43F2-EFAA0F2F09F9}.Debug|Any CPU.ActiveCfg = Debug|Any CPU
		{6F443C14-3C65-335D-43F2-EFAA0F2F09F9}.Debug|Any CPU.Build.0 = Debug|Any CPU
		{6F443C14-3C65-335D-43F2-EFAA0F2F09F9}.Release|Any CPU.ActiveCfg = Release|Any CPU
		{6F443C14-3C65-335D-43F2-EFAA0F2F09F9}.Release|Any CPU.Build.0 = Release|Any CPU
		{B902F95F-BF9B-9D8E-FE6A-502EFF336AE8}.Debug|Any CPU.ActiveCfg = Debug|Any CPU
		{B902F95F-BF9B-9D8E-FE6A-502EFF336AE8}.Debug|Any CPU.Build.0 = Debug|Any CPU
		{B902F95F-BF9B-9D8E-FE6A-502EFF336AE8}.Release|Any CPU.ActiveCfg = Release|Any CPU
		{B902F95F-BF9B-9D8E-FE6A-502EFF336AE8}.Release|Any CPU.Build.0 = Release|Any CPU
		{73D1B19B-5661-8C29-F400-A097CB3D6125}.Debug|Any CPU.ActiveCfg = Debug|Any CPU
		{73D1B19B-5661-8C29-F400-A097CB3D6125}.Debug|Any CPU.Build.0 = Debug|Any CPU
		{73D1B19B-5661-8C29-F400-A097CB3D6125}.Release|Any CPU.ActiveCfg = Release|Any CPU
		{73D1B19B-5661-8C29-F400-A097CB3D6125}.Release|Any CPU.Build.0 = Release|Any CPU
		{A27B451B-9F97-50FA-A85D-A092914A8056}.Debug|Any CPU.ActiveCfg = Debug|Any CPU
		{A27B451B-9F97-50FA-A85D-A092914A8056}.Debug|Any CPU.Build.0 = Debug|Any CPU
		{A27B451B-9F97-50FA-A85D-A092914A8056}.Release|Any CPU.ActiveCfg = Release|Any CPU
		{A27B451B-9F97-50FA-A85D-A092914A8056}.Release|Any CPU.Build.0 = Release|Any CPU
		{C0DCCEDB-68FB-AB0B-5997-2E3A50E83754}.Debug|Any CPU.ActiveCfg = Debug|Any CPU
		{C0DCCEDB-68FB-AB0B-5997-2E3A50E83754}.Debug|Any CPU.Build.0 = Debug|Any CPU
		{C0DCCEDB-68FB-AB0B-5997-2E3A50E83754}.Release|Any CPU.ActiveCfg = Release|Any CPU
		{C0DCCEDB-68FB-AB0B-5997-2E3A50E83754}.Release|Any CPU.Build.0 = Release|Any CPU
		{C45C73DF-E076-3874-1135-E1D9747FFDED}.Debug|Any CPU.ActiveCfg = Debug|Any CPU
		{C45C73DF-E076-3874-1135-E1D9747FFDED}.Debug|Any CPU.Build.0 = Debug|Any CPU
		{C45C73DF-E076-3874-1135-E1D9747FFDED}.Release|Any CPU.ActiveCfg = Release|Any CPU
		{C45C73DF-E076-3874-1135-E1D9747FFDED}.Release|Any CPU.Build.0 = Release|Any CPU
		{670DA8CD-4906-956B-7CDD-F84B91F219C8}.Debug|Any CPU.ActiveCfg = Debug|Any CPU
		{670DA8CD-4906-956B-7CDD-F84B91F219C8}.Debug|Any CPU.Build.0 = Debug|Any CPU
		{670DA8CD-4906-956B-7CDD-F84B91F219C8}.Release|Any CPU.ActiveCfg = Release|Any CPU
		{670DA8CD-4906-956B-7CDD-F84B91F219C8}.Release|Any CPU.Build.0 = Release|Any CPU
		{5F664239-CE33-DAC6-68FB-A8D3ACC5D4F9}.Debug|Any CPU.ActiveCfg = Debug|Any CPU
		{5F664239-CE33-DAC6-68FB-A8D3ACC5D4F9}.Debug|Any CPU.Build.0 = Debug|Any CPU
		{5F664239-CE33-DAC6-68FB-A8D3ACC5D4F9}.Release|Any CPU.ActiveCfg = Release|Any CPU
		{5F664239-CE33-DAC6-68FB-A8D3ACC5D4F9}.Release|Any CPU.Build.0 = Release|Any CPU
		{A9553C5D-5201-D302-F611-C1880784AAC0}.Debug|Any CPU.ActiveCfg = Debug|Any CPU
		{A9553C5D-5201-D302-F611-C1880784AAC0}.Debug|Any CPU.Build.0 = Debug|Any CPU
		{A9553C5D-5201-D302-F611-C1880784AAC0}.Release|Any CPU.ActiveCfg = Release|Any CPU
		{A9553C5D-5201-D302-F611-C1880784AAC0}.Release|Any CPU.Build.0 = Release|Any CPU
		{D489123B-D944-18DF-79F4-B7CC25F040BF}.Debug|Any CPU.ActiveCfg = Debug|Any CPU
		{D489123B-D944-18DF-79F4-B7CC25F040BF}.Debug|Any CPU.Build.0 = Debug|Any CPU
		{D489123B-D944-18DF-79F4-B7CC25F040BF}.Release|Any CPU.ActiveCfg = Release|Any CPU
		{D489123B-D944-18DF-79F4-B7CC25F040BF}.Release|Any CPU.Build.0 = Release|Any CPU
		{6B2B09B7-2D49-5A57-7265-C836FBFA219D}.Debug|Any CPU.ActiveCfg = Debug|Any CPU
		{6B2B09B7-2D49-5A57-7265-C836FBFA219D}.Debug|Any CPU.Build.0 = Debug|Any CPU
		{6B2B09B7-2D49-5A57-7265-C836FBFA219D}.Release|Any CPU.ActiveCfg = Release|Any CPU
		{6B2B09B7-2D49-5A57-7265-C836FBFA219D}.Release|Any CPU.Build.0 = Release|Any CPU
		{8C1F69CB-1E72-3573-E85C-1AF2D1D7FA6E}.Debug|Any CPU.ActiveCfg = Debug|Any CPU
		{8C1F69CB-1E72-3573-E85C-1AF2D1D7FA6E}.Debug|Any CPU.Build.0 = Debug|Any CPU
		{8C1F69CB-1E72-3573-E85C-1AF2D1D7FA6E}.Release|Any CPU.ActiveCfg = Release|Any CPU
		{8C1F69CB-1E72-3573-E85C-1AF2D1D7FA6E}.Release|Any CPU.Build.0 = Release|Any CPU
		{4118B154-3C04-A71C-C823-C361917D07F7}.Debug|Any CPU.ActiveCfg = Debug|Any CPU
		{4118B154-3C04-A71C-C823-C361917D07F7}.Debug|Any CPU.Build.0 = Debug|Any CPU
		{4118B154-3C04-A71C-C823-C361917D07F7}.Release|Any CPU.ActiveCfg = Release|Any CPU
		{4118B154-3C04-A71C-C823-C361917D07F7}.Release|Any CPU.Build.0 = Release|Any CPU
		{C9A70E2A-5D52-88F1-602F-FA3FF021079D}.Debug|Any CPU.ActiveCfg = Debug|Any CPU
		{C9A70E2A-5D52-88F1-602F-FA3FF021079D}.Debug|Any CPU.Build.0 = Debug|Any CPU
		{C9A70E2A-5D52-88F1-602F-FA3FF021079D}.Release|Any CPU.ActiveCfg = Release|Any CPU
		{C9A70E2A-5D52-88F1-602F-FA3FF021079D}.Release|Any CPU.Build.0 = Release|Any CPU
		{25B88D24-EBB4-CC79-A935-E1D94D2873FA}.Debug|Any CPU.ActiveCfg = Debug|Any CPU
		{25B88D24-EBB4-CC79-A935-E1D94D2873FA}.Debug|Any CPU.Build.0 = Debug|Any CPU
		{25B88D24-EBB4-CC79-A935-E1D94D2873FA}.Release|Any CPU.ActiveCfg = Release|Any CPU
		{25B88D24-EBB4-CC79-A935-E1D94D2873FA}.Release|Any CPU.Build.0 = Release|Any CPU
		{BADDF185-D80C-0E71-F38D-0187EDB15797}.Debug|Any CPU.ActiveCfg = Debug|Any CPU
		{BADDF185-D80C-0E71-F38D-0187EDB15797}.Debug|Any CPU.Build.0 = Debug|Any CPU
		{BADDF185-D80C-0E71-F38D-0187EDB15797}.Release|Any CPU.ActiveCfg = Release|Any CPU
		{BADDF185-D80C-0E71-F38D-0187EDB15797}.Release|Any CPU.Build.0 = Release|Any CPU
		{72D1D25A-6B48-8B4E-4FC4-98A74DB35FBC}.Debug|Any CPU.ActiveCfg = Debug|Any CPU
		{72D1D25A-6B48-8B4E-4FC4-98A74DB35FBC}.Debug|Any CPU.Build.0 = Debug|Any CPU
		{72D1D25A-6B48-8B4E-4FC4-98A74DB35FBC}.Release|Any CPU.ActiveCfg = Release|Any CPU
		{72D1D25A-6B48-8B4E-4FC4-98A74DB35FBC}.Release|Any CPU.Build.0 = Release|Any CPU
		{BC632F5B-AC34-14D9-0C4A-9DA530C36FA8}.Debug|Any CPU.ActiveCfg = Debug|Any CPU
		{BC632F5B-AC34-14D9-0C4A-9DA530C36FA8}.Debug|Any CPU.Build.0 = Debug|Any CPU
		{BC632F5B-AC34-14D9-0C4A-9DA530C36FA8}.Release|Any CPU.ActiveCfg = Release|Any CPU
		{BC632F5B-AC34-14D9-0C4A-9DA530C36FA8}.Release|Any CPU.Build.0 = Release|Any CPU
		{2CC58F14-2CF3-A76C-4912-47376B15253B}.Debug|Any CPU.ActiveCfg = Debug|Any CPU
		{2CC58F14-2CF3-A76C-4912-47376B15253B}.Debug|Any CPU.Build.0 = Debug|Any CPU
		{2CC58F14-2CF3-A76C-4912-47376B15253B}.Release|Any CPU.ActiveCfg = Release|Any CPU
		{2CC58F14-2CF3-A76C-4912-47376B15253B}.Release|Any CPU.Build.0 = Release|Any CPU
		{9E03F314-8ADE-3EDA-6AFF-DD6E6EFDA4CD}.Debug|Any CPU.ActiveCfg = Debug|Any CPU
		{9E03F314-8ADE-3EDA-6AFF-DD6E6EFDA4CD}.Debug|Any CPU.Build.0 = Debug|Any CPU
		{9E03F314-8ADE-3EDA-6AFF-DD6E6EFDA4CD}.Release|Any CPU.ActiveCfg = Release|Any CPU
		{9E03F314-8ADE-3EDA-6AFF-DD6E6EFDA4CD}.Release|Any CPU.Build.0 = Release|Any CPU
		{E991846E-3B49-13EB-6915-33A2F206F8DD}.Debug|Any CPU.ActiveCfg = Debug|Any CPU
		{E991846E-3B49-13EB-6915-33A2F206F8DD}.Debug|Any CPU.Build.0 = Debug|Any CPU
		{E991846E-3B49-13EB-6915-33A2F206F8DD}.Release|Any CPU.ActiveCfg = Release|Any CPU
		{E991846E-3B49-13EB-6915-33A2F206F8DD}.Release|Any CPU.Build.0 = Release|Any CPU
		{8B5F7F02-5DC2-17B0-6B3A-AFA3118F3EB5}.Debug|Any CPU.ActiveCfg = Debug|Any CPU
		{8B5F7F02-5DC2-17B0-6B3A-AFA3118F3EB5}.Debug|Any CPU.Build.0 = Debug|Any CPU
		{8B5F7F02-5DC2-17B0-6B3A-AFA3118F3EB5}.Release|Any CPU.ActiveCfg = Release|Any CPU
		{8B5F7F02-5DC2-17B0-6B3A-AFA3118F3EB5}.Release|Any CPU.Build.0 = Release|Any CPU
	EndGlobalSection
	GlobalSection(SolutionProperties) = preSolution
		HideSolutionNode = FALSE
	EndGlobalSection
EndGlobal
